// !$*UTF8*$!
{
	archiveVersion = 1;
	classes = {
	};
	objectVersion = 55;
	objects = {

/* Begin PBXBuildFile section */
		0A94751C281509609E2E58C9 /* Pods_CommonDevArchiProject.framework in Frameworks */ = {isa = PBXBuildFile; fileRef = 36170D526B7699A1A460F3E0 /* Pods_CommonDevArchiProject.framework */; };
		60E0AF2727D367E200126FE9 /* AppDelegate.m in Sources */ = {isa = PBXBuildFile; fileRef = 60E0AF2627D367E200126FE9 /* AppDelegate.m */; };
		60E0AF2A27D367E200126FE9 /* SceneDelegate.m in Sources */ = {isa = PBXBuildFile; fileRef = 60E0AF2927D367E200126FE9 /* SceneDelegate.m */; };
		60E0AF2D27D367E200126FE9 /* ViewController.m in Sources */ = {isa = PBXBuildFile; fileRef = 60E0AF2C27D367E200126FE9 /* ViewController.m */; };
		60E0AF3027D367E200126FE9 /* Main.storyboard in Resources */ = {isa = PBXBuildFile; fileRef = 60E0AF2E27D367E200126FE9 /* Main.storyboard */; };
		60E0AF3227D367E300126FE9 /* Assets.xcassets in Resources */ = {isa = PBXBuildFile; fileRef = 60E0AF3127D367E300126FE9 /* Assets.xcassets */; };
		60E0AF3527D367E300126FE9 /* LaunchScreen.storyboard in Resources */ = {isa = PBXBuildFile; fileRef = 60E0AF3327D367E300126FE9 /* LaunchScreen.storyboard */; };
		60E0AF3827D367E300126FE9 /* main.m in Sources */ = {isa = PBXBuildFile; fileRef = 60E0AF3727D367E300126FE9 /* main.m */; };
		60E0AF4C27D3689B00126FE9 /* UIImage+EditTool.m in Sources */ = {isa = PBXBuildFile; fileRef = 60E0AF4627D3689B00126FE9 /* UIImage+EditTool.m */; };
		60E0AF4D27D3689B00126FE9 /* UIView+Extend.m in Sources */ = {isa = PBXBuildFile; fileRef = 60E0AF4827D3689B00126FE9 /* UIView+Extend.m */; };
		60E0AF4E27D3689B00126FE9 /* UIView+ViewToolBox.m in Sources */ = {isa = PBXBuildFile; fileRef = 60E0AF4927D3689B00126FE9 /* UIView+ViewToolBox.m */; };
		60E0AF5327D368A600126FE9 /* BNRouterHelper.m in Sources */ = {isa = PBXBuildFile; fileRef = 60E0AF5127D368A600126FE9 /* BNRouterHelper.m */; };
		60E0AF5427D368A600126FE9 /* BNUIBuildHelper.m in Sources */ = {isa = PBXBuildFile; fileRef = 60E0AF5227D368A600126FE9 /* BNUIBuildHelper.m */; };
		60E0AF5927D3694200126FE9 /* MMUIView.m in Sources */ = {isa = PBXBuildFile; fileRef = 60E0AF5827D3694200126FE9 /* MMUIView.m */; };
/* End PBXBuildFile section */

/* Begin PBXFileReference section */
		1CFDE8007560A070F7318DDE /* Pods-CommonDevArchiProject.release.xcconfig */ = {isa = PBXFileReference; includeInIndex = 1; lastKnownFileType = text.xcconfig; name = "Pods-CommonDevArchiProject.release.xcconfig"; path = "Target Support Files/Pods-CommonDevArchiProject/Pods-CommonDevArchiProject.release.xcconfig"; sourceTree = "<group>"; };
		36170D526B7699A1A460F3E0 /* Pods_CommonDevArchiProject.framework */ = {isa = PBXFileReference; explicitFileType = wrapper.framework; includeInIndex = 0; path = Pods_CommonDevArchiProject.framework; sourceTree = BUILT_PRODUCTS_DIR; };
		60E0AF2227D367E200126FE9 /* CommonDevArchiProject.app */ = {isa = PBXFileReference; explicitFileType = wrapper.application; includeInIndex = 0; path = CommonDevArchiProject.app; sourceTree = BUILT_PRODUCTS_DIR; };
		60E0AF2527D367E200126FE9 /* AppDelegate.h */ = {isa = PBXFileReference; lastKnownFileType = sourcecode.c.h; path = AppDelegate.h; sourceTree = "<group>"; };
		60E0AF2627D367E200126FE9 /* AppDelegate.m */ = {isa = PBXFileReference; lastKnownFileType = sourcecode.c.objc; path = AppDelegate.m; sourceTree = "<group>"; };
		60E0AF2827D367E200126FE9 /* SceneDelegate.h */ = {isa = PBXFileReference; lastKnownFileType = sourcecode.c.h; path = SceneDelegate.h; sourceTree = "<group>"; };
		60E0AF2927D367E200126FE9 /* SceneDelegate.m */ = {isa = PBXFileReference; lastKnownFileType = sourcecode.c.objc; path = SceneDelegate.m; sourceTree = "<group>"; };
		60E0AF2B27D367E200126FE9 /* ViewController.h */ = {isa = PBXFileReference; lastKnownFileType = sourcecode.c.h; path = ViewController.h; sourceTree = "<group>"; };
		60E0AF2C27D367E200126FE9 /* ViewController.m */ = {isa = PBXFileReference; lastKnownFileType = sourcecode.c.objc; path = ViewController.m; sourceTree = "<group>"; };
		60E0AF2F27D367E200126FE9 /* Base */ = {isa = PBXFileReference; lastKnownFileType = file.storyboard; name = Base; path = Base.lproj/Main.storyboard; sourceTree = "<group>"; };
		60E0AF3127D367E300126FE9 /* Assets.xcassets */ = {isa = PBXFileReference; lastKnownFileType = folder.assetcatalog; path = Assets.xcassets; sourceTree = "<group>"; };
		60E0AF3427D367E300126FE9 /* Base */ = {isa = PBXFileReference; lastKnownFileType = file.storyboard; name = Base; path = Base.lproj/LaunchScreen.storyboard; sourceTree = "<group>"; };
		60E0AF3627D367E300126FE9 /* Info.plist */ = {isa = PBXFileReference; lastKnownFileType = text.plist.xml; path = Info.plist; sourceTree = "<group>"; };
		60E0AF3727D367E300126FE9 /* main.m */ = {isa = PBXFileReference; lastKnownFileType = sourcecode.c.objc; path = main.m; sourceTree = "<group>"; };
		60E0AF4627D3689B00126FE9 /* UIImage+EditTool.m */ = {isa = PBXFileReference; fileEncoding = 4; lastKnownFileType = sourcecode.c.objc; path = "UIImage+EditTool.m"; sourceTree = "<group>"; };
		60E0AF4727D3689B00126FE9 /* UIView+Extend.h */ = {isa = PBXFileReference; fileEncoding = 4; lastKnownFileType = sourcecode.c.h; path = "UIView+Extend.h"; sourceTree = "<group>"; };
		60E0AF4827D3689B00126FE9 /* UIView+Extend.m */ = {isa = PBXFileReference; fileEncoding = 4; lastKnownFileType = sourcecode.c.objc; path = "UIView+Extend.m"; sourceTree = "<group>"; };
		60E0AF4927D3689B00126FE9 /* UIView+ViewToolBox.m */ = {isa = PBXFileReference; fileEncoding = 4; lastKnownFileType = sourcecode.c.objc; path = "UIView+ViewToolBox.m"; sourceTree = "<group>"; };
		60E0AF4A27D3689B00126FE9 /* UIView+ViewToolBox.h */ = {isa = PBXFileReference; fileEncoding = 4; lastKnownFileType = sourcecode.c.h; path = "UIView+ViewToolBox.h"; sourceTree = "<group>"; };
		60E0AF4B27D3689B00126FE9 /* UIImage+EditTool.h */ = {isa = PBXFileReference; fileEncoding = 4; lastKnownFileType = sourcecode.c.h; path = "UIImage+EditTool.h"; sourceTree = "<group>"; };
		60E0AF4F27D368A600126FE9 /* BNUIBuildHelper.h */ = {isa = PBXFileReference; fileEncoding = 4; lastKnownFileType = sourcecode.c.h; path = BNUIBuildHelper.h; sourceTree = "<group>"; };
		60E0AF5027D368A600126FE9 /* BNRouterHelper.h */ = {isa = PBXFileReference; fileEncoding = 4; lastKnownFileType = sourcecode.c.h; path = BNRouterHelper.h; sourceTree = "<group>"; };
		60E0AF5127D368A600126FE9 /* BNRouterHelper.m */ = {isa = PBXFileReference; fileEncoding = 4; lastKnownFileType = sourcecode.c.objc; path = BNRouterHelper.m; sourceTree = "<group>"; };
		60E0AF5227D368A600126FE9 /* BNUIBuildHelper.m */ = {isa = PBXFileReference; fileEncoding = 4; lastKnownFileType = sourcecode.c.objc; path = BNUIBuildHelper.m; sourceTree = "<group>"; };
		60E0AF5727D3694200126FE9 /* MMUIView.h */ = {isa = PBXFileReference; lastKnownFileType = sourcecode.c.h; path = MMUIView.h; sourceTree = "<group>"; };
		60E0AF5827D3694200126FE9 /* MMUIView.m */ = {isa = PBXFileReference; lastKnownFileType = sourcecode.c.objc; path = MMUIView.m; sourceTree = "<group>"; };
		B8BA483EB55E9CB6B08DF810 /* Pods-CommonDevArchiProject.debug.xcconfig */ = {isa = PBXFileReference; includeInIndex = 1; lastKnownFileType = text.xcconfig; name = "Pods-CommonDevArchiProject.debug.xcconfig"; path = "Target Support Files/Pods-CommonDevArchiProject/Pods-CommonDevArchiProject.debug.xcconfig"; sourceTree = "<group>"; };
/* End PBXFileReference section */

/* Begin PBXFrameworksBuildPhase section */
		60E0AF1F27D367E200126FE9 /* Frameworks */ = {
			isa = PBXFrameworksBuildPhase;
			buildActionMask = 2147483647;
			files = (
				0A94751C281509609E2E58C9 /* Pods_CommonDevArchiProject.framework in Frameworks */,
			);
			runOnlyForDeploymentPostprocessing = 0;
		};
/* End PBXFrameworksBuildPhase section */

/* Begin PBXGroup section */
		60E0AF1927D367E200126FE9 = {
			isa = PBXGroup;
			children = (
				60E0AF2427D367E200126FE9 /* CommonDevArchiProject */,
				60E0AF2327D367E200126FE9 /* Products */,
				9721794A519F4E100A7D9D14 /* Pods */,
				F31FC6EF961E25005C6273CD /* Frameworks */,
			);
			sourceTree = "<group>";
		};
		60E0AF2327D367E200126FE9 /* Products */ = {
			isa = PBXGroup;
			children = (
				60E0AF2227D367E200126FE9 /* CommonDevArchiProject.app */,
			);
			name = Products;
			sourceTree = "<group>";
		};
		60E0AF2427D367E200126FE9 /* CommonDevArchiProject */ = {
			isa = PBXGroup;
			children = (
				60E0AF4527D3688900126FE9 /* System */,
				60E0AF4427D3687E00126FE9 /* Helper */,
				60E0AF4327D3687400126FE9 /* ViewController */,
				60E0AF4227D3687000126FE9 /* ViewModel */,
				60E0AF4127D3686C00126FE9 /* View */,
				60E0AF4027D3686700126FE9 /* Manage */,
				60E0AF3F27D3686300126FE9 /* CGI */,
				60E0AF3E27D3685E00126FE9 /* Category */,
				60E0AF2527D367E200126FE9 /* AppDelegate.h */,
				60E0AF2627D367E200126FE9 /* AppDelegate.m */,
				60E0AF2827D367E200126FE9 /* SceneDelegate.h */,
				60E0AF2927D367E200126FE9 /* SceneDelegate.m */,
				60E0AF2E27D367E200126FE9 /* Main.storyboard */,
				60E0AF3127D367E300126FE9 /* Assets.xcassets */,
				60E0AF3327D367E300126FE9 /* LaunchScreen.storyboard */,
				60E0AF3627D367E300126FE9 /* Info.plist */,
				60E0AF3727D367E300126FE9 /* main.m */,
			);
			path = CommonDevArchiProject;
			sourceTree = "<group>";
		};
		60E0AF3E27D3685E00126FE9 /* Category */ = {
			isa = PBXGroup;
			children = (
				60E0AF4B27D3689B00126FE9 /* UIImage+EditTool.h */,
				60E0AF4627D3689B00126FE9 /* UIImage+EditTool.m */,
				60E0AF4727D3689B00126FE9 /* UIView+Extend.h */,
				60E0AF4827D3689B00126FE9 /* UIView+Extend.m */,
				60E0AF4A27D3689B00126FE9 /* UIView+ViewToolBox.h */,
				60E0AF4927D3689B00126FE9 /* UIView+ViewToolBox.m */,
			);
			path = Category;
			sourceTree = "<group>";
		};
		60E0AF3F27D3686300126FE9 /* CGI */ = {
			isa = PBXGroup;
			children = (
			);
			path = CGI;
			sourceTree = "<group>";
		};
		60E0AF4027D3686700126FE9 /* Manage */ = {
			isa = PBXGroup;
			children = (
			);
			path = Manage;
			sourceTree = "<group>";
		};
		60E0AF4127D3686C00126FE9 /* View */ = {
			isa = PBXGroup;
			children = (
				60E0AF5727D3694200126FE9 /* MMUIView.h */,
				60E0AF5827D3694200126FE9 /* MMUIView.m */,
			);
			path = View;
			sourceTree = "<group>";
		};
		60E0AF4227D3687000126FE9 /* ViewModel */ = {
			isa = PBXGroup;
			children = (
			);
			path = ViewModel;
			sourceTree = "<group>";
		};
		60E0AF4327D3687400126FE9 /* ViewController */ = {
			isa = PBXGroup;
			children = (
				60E0AF2B27D367E200126FE9 /* ViewController.h */,
				60E0AF2C27D367E200126FE9 /* ViewController.m */,
			);
			path = ViewController;
			sourceTree = "<group>";
		};
		60E0AF4427D3687E00126FE9 /* Helper */ = {
			isa = PBXGroup;
			children = (
				60E0AF5027D368A600126FE9 /* BNRouterHelper.h */,
				60E0AF5127D368A600126FE9 /* BNRouterHelper.m */,
				60E0AF4F27D368A600126FE9 /* BNUIBuildHelper.h */,
				60E0AF5227D368A600126FE9 /* BNUIBuildHelper.m */,
			);
			path = Helper;
			sourceTree = "<group>";
		};
		60E0AF4527D3688900126FE9 /* System */ = {
			isa = PBXGroup;
			children = (
			);
			path = System;
			sourceTree = "<group>";
		};
		9721794A519F4E100A7D9D14 /* Pods */ = {
			isa = PBXGroup;
			children = (
				B8BA483EB55E9CB6B08DF810 /* Pods-CommonDevArchiProject.debug.xcconfig */,
				1CFDE8007560A070F7318DDE /* Pods-CommonDevArchiProject.release.xcconfig */,
			);
			name = Pods;
			path = Pods;
			sourceTree = "<group>";
		};
		F31FC6EF961E25005C6273CD /* Frameworks */ = {
			isa = PBXGroup;
			children = (
				36170D526B7699A1A460F3E0 /* Pods_CommonDevArchiProject.framework */,
			);
			name = Frameworks;
			sourceTree = "<group>";
		};
/* End PBXGroup section */

/* Begin PBXNativeTarget section */
		60E0AF2127D367E200126FE9 /* CommonDevArchiProject */ = {
			isa = PBXNativeTarget;
			buildConfigurationList = 60E0AF3B27D367E300126FE9 /* Build configuration list for PBXNativeTarget "CommonDevArchiProject" */;
			buildPhases = (
				BC5176932184BD8D375BB73D /* [CP] Check Pods Manifest.lock */,
				60E0AF1E27D367E200126FE9 /* Sources */,
				60E0AF1F27D367E200126FE9 /* Frameworks */,
				60E0AF2027D367E200126FE9 /* Resources */,
				6ADE361C9AC4B13159A7DB43 /* [CP] Embed Pods Frameworks */,
			);
			buildRules = (
			);
			dependencies = (
			);
			name = CommonDevArchiProject;
			productName = CommonDevArchiProject;
			productReference = 60E0AF2227D367E200126FE9 /* CommonDevArchiProject.app */;
			productType = "com.apple.product-type.application";
		};
/* End PBXNativeTarget section */

/* Begin PBXProject section */
		60E0AF1A27D367E200126FE9 /* Project object */ = {
			isa = PBXProject;
			attributes = {
				BuildIndependentTargetsInParallel = 1;
				LastUpgradeCheck = 1320;
				TargetAttributes = {
					60E0AF2127D367E200126FE9 = {
						CreatedOnToolsVersion = 13.2.1;
					};
				};
			};
			buildConfigurationList = 60E0AF1D27D367E200126FE9 /* Build configuration list for PBXProject "CommonDevArchiProject" */;
			compatibilityVersion = "Xcode 13.0";
			developmentRegion = en;
			hasScannedForEncodings = 0;
			knownRegions = (
				en,
				Base,
			);
			mainGroup = 60E0AF1927D367E200126FE9;
			productRefGroup = 60E0AF2327D367E200126FE9 /* Products */;
			projectDirPath = "";
			projectRoot = "";
			targets = (
				60E0AF2127D367E200126FE9 /* CommonDevArchiProject */,
			);
		};
/* End PBXProject section */

/* Begin PBXResourcesBuildPhase section */
		60E0AF2027D367E200126FE9 /* Resources */ = {
			isa = PBXResourcesBuildPhase;
			buildActionMask = 2147483647;
			files = (
				60E0AF3527D367E300126FE9 /* LaunchScreen.storyboard in Resources */,
				60E0AF3227D367E300126FE9 /* Assets.xcassets in Resources */,
				60E0AF3027D367E200126FE9 /* Main.storyboard in Resources */,
			);
			runOnlyForDeploymentPostprocessing = 0;
		};
/* End PBXResourcesBuildPhase section */

/* Begin PBXShellScriptBuildPhase section */
		6ADE361C9AC4B13159A7DB43 /* [CP] Embed Pods Frameworks */ = {
			isa = PBXShellScriptBuildPhase;
			buildActionMask = 2147483647;
			files = (
			);
			inputFileListPaths = (
				"${PODS_ROOT}/Target Support Files/Pods-CommonDevArchiProject/Pods-CommonDevArchiProject-frameworks-${CONFIGURATION}-input-files.xcfilelist",
			);
			name = "[CP] Embed Pods Frameworks";
			outputFileListPaths = (
				"${PODS_ROOT}/Target Support Files/Pods-CommonDevArchiProject/Pods-CommonDevArchiProject-frameworks-${CONFIGURATION}-output-files.xcfilelist",
			);
			runOnlyForDeploymentPostprocessing = 0;
			shellPath = /bin/sh;
			shellScript = "\"${PODS_ROOT}/Target Support Files/Pods-CommonDevArchiProject/Pods-CommonDevArchiProject-frameworks.sh\"\n";
			showEnvVarsInLog = 0;
		};
		BC5176932184BD8D375BB73D /* [CP] Check Pods Manifest.lock */ = {
			isa = PBXShellScriptBuildPhase;
			buildActionMask = 2147483647;
			files = (
			);
			inputFileListPaths = (
			);
			inputPaths = (
				"${PODS_PODFILE_DIR_PATH}/Podfile.lock",
				"${PODS_ROOT}/Manifest.lock",
			);
			name = "[CP] Check Pods Manifest.lock";
			outputFileListPaths = (
			);
			outputPaths = (
				"$(DERIVED_FILE_DIR)/Pods-CommonDevArchiProject-checkManifestLockResult.txt",
			);
			runOnlyForDeploymentPostprocessing = 0;
			shellPath = /bin/sh;
			shellScript = "diff \"${PODS_PODFILE_DIR_PATH}/Podfile.lock\" \"${PODS_ROOT}/Manifest.lock\" > /dev/null\nif [ $? != 0 ] ; then\n    # print error to STDERR\n    echo \"error: The sandbox is not in sync with the Podfile.lock. Run 'pod install' or update your CocoaPods installation.\" >&2\n    exit 1\nfi\n# This output is used by Xcode 'outputs' to avoid re-running this script phase.\necho \"SUCCESS\" > \"${SCRIPT_OUTPUT_FILE_0}\"\n";
			showEnvVarsInLog = 0;
		};
/* End PBXShellScriptBuildPhase section */

/* Begin PBXSourcesBuildPhase section */
		60E0AF1E27D367E200126FE9 /* Sources */ = {
			isa = PBXSourcesBuildPhase;
			buildActionMask = 2147483647;
			files = (
				60E0AF2D27D367E200126FE9 /* ViewController.m in Sources */,
				60E0AF2727D367E200126FE9 /* AppDelegate.m in Sources */,
				60E0AF3827D367E300126FE9 /* main.m in Sources */,
				60E0AF4E27D3689B00126FE9 /* UIView+ViewToolBox.m in Sources */,
				60E0AF5427D368A600126FE9 /* BNUIBuildHelper.m in Sources */,
				60E0AF5327D368A600126FE9 /* BNRouterHelper.m in Sources */,
				60E0AF2A27D367E200126FE9 /* SceneDelegate.m in Sources */,
				60E0AF4D27D3689B00126FE9 /* UIView+Extend.m in Sources */,
				60E0AF5927D3694200126FE9 /* MMUIView.m in Sources */,
				60E0AF4C27D3689B00126FE9 /* UIImage+EditTool.m in Sources */,
			);
			runOnlyForDeploymentPostprocessing = 0;
		};
/* End PBXSourcesBuildPhase section */

/* Begin PBXVariantGroup section */
		60E0AF2E27D367E200126FE9 /* Main.storyboard */ = {
			isa = PBXVariantGroup;
			children = (
				60E0AF2F27D367E200126FE9 /* Base */,
			);
			name = Main.storyboard;
			sourceTree = "<group>";
		};
		60E0AF3327D367E300126FE9 /* LaunchScreen.storyboard */ = {
			isa = PBXVariantGroup;
			children = (
				60E0AF3427D367E300126FE9 /* Base */,
			);
			name = LaunchScreen.storyboard;
			sourceTree = "<group>";
		};
/* End PBXVariantGroup section */

/* Begin XCBuildConfiguration section */
		60E0AF3927D367E300126FE9 /* Debug */ = {
			isa = XCBuildConfiguration;
			buildSettings = {
				ALWAYS_SEARCH_USER_PATHS = NO;
				CLANG_ANALYZER_NONNULL = YES;
				CLANG_ANALYZER_NUMBER_OBJECT_CONVERSION = YES_AGGRESSIVE;
				CLANG_CXX_LANGUAGE_STANDARD = "gnu++17";
				CLANG_CXX_LIBRARY = "libc++";
				CLANG_ENABLE_MODULES = YES;
				CLANG_ENABLE_OBJC_ARC = YES;
				CLANG_ENABLE_OBJC_WEAK = YES;
				CLANG_WARN_BLOCK_CAPTURE_AUTORELEASING = YES;
				CLANG_WARN_BOOL_CONVERSION = YES;
				CLANG_WARN_COMMA = YES;
				CLANG_WARN_CONSTANT_CONVERSION = YES;
				CLANG_WARN_DEPRECATED_OBJC_IMPLEMENTATIONS = YES;
				CLANG_WARN_DIRECT_OBJC_ISA_USAGE = YES_ERROR;
				CLANG_WARN_DOCUMENTATION_COMMENTS = YES;
				CLANG_WARN_EMPTY_BODY = YES;
				CLANG_WARN_ENUM_CONVERSION = YES;
				CLANG_WARN_INFINITE_RECURSION = YES;
				CLANG_WARN_INT_CONVERSION = YES;
				CLANG_WARN_NON_LITERAL_NULL_CONVERSION = YES;
				CLANG_WARN_OBJC_IMPLICIT_RETAIN_SELF = YES;
				CLANG_WARN_OBJC_LITERAL_CONVERSION = YES;
				CLANG_WARN_OBJC_ROOT_CLASS = YES_ERROR;
				CLANG_WARN_QUOTED_INCLUDE_IN_FRAMEWORK_HEADER = YES;
				CLANG_WARN_RANGE_LOOP_ANALYSIS = YES;
				CLANG_WARN_STRICT_PROTOTYPES = YES;
				CLANG_WARN_SUSPICIOUS_MOVE = YES;
				CLANG_WARN_UNGUARDED_AVAILABILITY = YES_AGGRESSIVE;
				CLANG_WARN_UNREACHABLE_CODE = YES;
				CLANG_WARN__DUPLICATE_METHOD_MATCH = YES;
				COPY_PHASE_STRIP = NO;
				DEBUG_INFORMATION_FORMAT = dwarf;
				ENABLE_STRICT_OBJC_MSGSEND = YES;
				ENABLE_TESTABILITY = YES;
				GCC_C_LANGUAGE_STANDARD = gnu11;
				GCC_DYNAMIC_NO_PIC = NO;
				GCC_NO_COMMON_BLOCKS = YES;
				GCC_OPTIMIZATION_LEVEL = 0;
				GCC_PREPROCESSOR_DEFINITIONS = (
					"DEBUG=1",
					"$(inherited)",
				);
				GCC_WARN_64_TO_32_BIT_CONVERSION = YES;
				GCC_WARN_ABOUT_RETURN_TYPE = YES_ERROR;
				GCC_WARN_UNDECLARED_SELECTOR = YES;
				GCC_WARN_UNINITIALIZED_AUTOS = YES_AGGRESSIVE;
				GCC_WARN_UNUSED_FUNCTION = YES;
				GCC_WARN_UNUSED_VARIABLE = YES;
				IPHONEOS_DEPLOYMENT_TARGET = 15.2;
				MTL_ENABLE_DEBUG_INFO = INCLUDE_SOURCE;
				MTL_FAST_MATH = YES;
				ONLY_ACTIVE_ARCH = YES;
				SDKROOT = iphoneos;
			};
			name = Debug;
		};
		60E0AF3A27D367E300126FE9 /* Release */ = {
			isa = XCBuildConfiguration;
			buildSettings = {
				ALWAYS_SEARCH_USER_PATHS = NO;
				CLANG_ANALYZER_NONNULL = YES;
				CLANG_ANALYZER_NUMBER_OBJECT_CONVERSION = YES_AGGRESSIVE;
				CLANG_CXX_LANGUAGE_STANDARD = "gnu++17";
				CLANG_CXX_LIBRARY = "libc++";
				CLANG_ENABLE_MODULES = YES;
				CLANG_ENABLE_OBJC_ARC = YES;
				CLANG_ENABLE_OBJC_WEAK = YES;
				CLANG_WARN_BLOCK_CAPTURE_AUTORELEASING = YES;
				CLANG_WARN_BOOL_CONVERSION = YES;
				CLANG_WARN_COMMA = YES;
				CLANG_WARN_CONSTANT_CONVERSION = YES;
				CLANG_WARN_DEPRECATED_OBJC_IMPLEMENTATIONS = YES;
				CLANG_WARN_DIRECT_OBJC_ISA_USAGE = YES_ERROR;
				CLANG_WARN_DOCUMENTATION_COMMENTS = YES;
				CLANG_WARN_EMPTY_BODY = YES;
				CLANG_WARN_ENUM_CONVERSION = YES;
				CLANG_WARN_INFINITE_RECURSION = YES;
				CLANG_WARN_INT_CONVERSION = YES;
				CLANG_WARN_NON_LITERAL_NULL_CONVERSION = YES;
				CLANG_WARN_OBJC_IMPLICIT_RETAIN_SELF = YES;
				CLANG_WARN_OBJC_LITERAL_CONVERSION = YES;
				CLANG_WARN_OBJC_ROOT_CLASS = YES_ERROR;
				CLANG_WARN_QUOTED_INCLUDE_IN_FRAMEWORK_HEADER = YES;
				CLANG_WARN_RANGE_LOOP_ANALYSIS = YES;
				CLANG_WARN_STRICT_PROTOTYPES = YES;
				CLANG_WARN_SUSPICIOUS_MOVE = YES;
				CLANG_WARN_UNGUARDED_AVAILABILITY = YES_AGGRESSIVE;
				CLANG_WARN_UNREACHABLE_CODE = YES;
				CLANG_WARN__DUPLICATE_METHOD_MATCH = YES;
				COPY_PHASE_STRIP = NO;
				DEBUG_INFORMATION_FORMAT = "dwarf-with-dsym";
				ENABLE_NS_ASSERTIONS = NO;
				ENABLE_STRICT_OBJC_MSGSEND = YES;
				GCC_C_LANGUAGE_STANDARD = gnu11;
				GCC_NO_COMMON_BLOCKS = YES;
				GCC_WARN_64_TO_32_BIT_CONVERSION = YES;
				GCC_WARN_ABOUT_RETURN_TYPE = YES_ERROR;
				GCC_WARN_UNDECLARED_SELECTOR = YES;
				GCC_WARN_UNINITIALIZED_AUTOS = YES_AGGRESSIVE;
				GCC_WARN_UNUSED_FUNCTION = YES;
				GCC_WARN_UNUSED_VARIABLE = YES;
				IPHONEOS_DEPLOYMENT_TARGET = 15.2;
				MTL_ENABLE_DEBUG_INFO = NO;
				MTL_FAST_MATH = YES;
				SDKROOT = iphoneos;
				VALIDATE_PRODUCT = YES;
			};
			name = Release;
		};
		60E0AF3C27D367E300126FE9 /* Debug */ = {
			isa = XCBuildConfiguration;
			baseConfigurationReference = B8BA483EB55E9CB6B08DF810 /* Pods-CommonDevArchiProject.debug.xcconfig */;
			buildSettings = {
				ASSETCATALOG_COMPILER_APPICON_NAME = AppIcon;
				ASSETCATALOG_COMPILER_GLOBAL_ACCENT_COLOR_NAME = AccentColor;
				CODE_SIGN_STYLE = Automatic;
				CURRENT_PROJECT_VERSION = 1;
				DEVELOPMENT_TEAM = GQC4U49CDT;
				GENERATE_INFOPLIST_FILE = YES;
				INFOPLIST_FILE = CommonDevArchiProject/Info.plist;
				INFOPLIST_KEY_UIApplicationSupportsIndirectInputEvents = YES;
				INFOPLIST_KEY_UILaunchStoryboardName = LaunchScreen;
				INFOPLIST_KEY_UIMainStoryboardFile = Main;
				INFOPLIST_KEY_UISupportedInterfaceOrientations_iPad = "UIInterfaceOrientationPortrait UIInterfaceOrientationPortraitUpsideDown UIInterfaceOrientationLandscapeLeft UIInterfaceOrientationLandscapeRight";
				INFOPLIST_KEY_UISupportedInterfaceOrientations_iPhone = "UIInterfaceOrientationPortrait UIInterfaceOrientationLandscapeLeft UIInterfaceOrientationLandscapeRight";
				LD_RUNPATH_SEARCH_PATHS = (
					"$(inherited)",
					"@executable_path/Frameworks",
				);
				MARKETING_VERSION = 1.0;
				PRODUCT_BUNDLE_IDENTIFIER = binbin.com.CommonDevArchiProject;
				PRODUCT_NAME = "$(TARGET_NAME)";
				SWIFT_EMIT_LOC_STRINGS = YES;
				TARGETED_DEVICE_FAMILY = "1,2";
			};
			name = Debug;
		};
		60E0AF3D27D367E300126FE9 /* Release */ = {
			isa = XCBuildConfiguration;
			baseConfigurationReference = 1CFDE8007560A070F7318DDE /* Pods-CommonDevArchiProject.release.xcconfig */;
			buildSettings = {
				ASSETCATALOG_COMPILER_APPICON_NAME = AppIcon;
				ASSETCATALOG_COMPILER_GLOBAL_ACCENT_COLOR_NAME = AccentColor;
				CODE_SIGN_STYLE = Automatic;
				CURRENT_PROJECT_VERSION = 1;
				DEVELOPMENT_TEAM = GQC4U49CDT;
				GENERATE_INFOPLIST_FILE = YES;
				INFOPLIST_FILE = CommonDevArchiProject/Info.plist;
				INFOPLIST_KEY_UIApplicationSupportsIndirectInputEvents = YES;
				INFOPLIST_KEY_UILaunchStoryboardName = LaunchScreen;
				INFOPLIST_KEY_UIMainStoryboardFile = Main;
				INFOPLIST_KEY_UISupportedInterfaceOrientations_iPad = "UIInterfaceOrientationPortrait UIInterfaceOrientationPortraitUpsideDown UIInterfaceOrientationLandscapeLeft UIInterfaceOrientationLandscapeRight";
				INFOPLIST_KEY_UISupportedInterfaceOrientations_iPhone = "UIInterfaceOrientationPortrait UIInterfaceOrientationLandscapeLeft UIInterfaceOrientationLandscapeRight";
				LD_RUNPATH_SEARCH_PATHS = (
					"$(inherited)",
					"@executable_path/Frameworks",
				);
				MARKETING_VERSION = 1.0;
				PRODUCT_BUNDLE_IDENTIFIER = binbin.com.CommonDevArchiProject;
				PRODUCT_NAME = "$(TARGET_NAME)";
				SWIFT_EMIT_LOC_STRINGS = YES;
				TARGETED_DEVICE_FAMILY = "1,2";
			};
			name = Release;
		};
/* End XCBuildConfiguration section */

/* Begin XCConfigurationList section */
		60E0AF1D27D367E200126FE9 /* Build configuration list for PBXProject "CommonDevArchiProject" */ = {
			isa = XCConfigurationList;
			buildConfigurations = (
				60E0AF3927D367E300126FE9 /* Debug */,
				60E0AF3A27D367E300126FE9 /* Release */,
			);
			defaultConfigurationIsVisible = 0;
			defaultConfigurationName = Release;
		};
		60E0AF3B27D367E300126FE9 /* Build configuration list for PBXNativeTarget "CommonDevArchiProject" */ = {
			isa = XCConfigurationList;
			buildConfigurations = (
				60E0AF3C27D367E300126FE9 /* Debug */,
				60E0AF3D27D367E300126FE9 /* Release */,
			);
			defaultConfigurationIsVisible = 0;
			defaultConfigurationName = Release;
		};
/* End XCConfigurationList section */
	};
	rootObject = 60E0AF1A27D367E200126FE9 /* Project object */;
}
